
Microsoft Visual Studio Solution File, Format Version 12.00
# Visual Studio Version 17
VisualStudioVersion = 17.5.33502.453
MinimumVisualStudioVersion = 10.0.40219.1
Project("{FAE04EC0-301F-11D3-BF4B-00C04F79EFBC}") = "20.101_Novikov_4", "20.101_Novikov_4\20.101_Novikov_4.csproj", "{34D394C4-033B-42A2-A006-DB0EC75FF469}"
EndProject
Global
	GlobalSection(SolutionConfigurationPlatforms) = preSolution
		Debug|Any CPU = Debug|Any CPU
		Release|Any CPU = Release|Any CPU
	EndGlobalSection
	GlobalSection(ProjectConfigurationPlatforms) = postSolution
		{34D394C4-033B-42A2-A006-DB0EC75FF469}.Debug|Any CPU.ActiveCfg = Debug|Any CPU
		{34D394C4-033B-42A2-A006-DB0EC75FF469}.Debug|Any CPU.Build.0 = Debug|Any CPU
		{34D394C4-033B-42A2-A006-DB0EC75FF469}.Release|Any CPU.ActiveCfg = Release|Any CPU
		{34D394C4-033B-42A2-A006-DB0EC75FF469}.Release|Any CPU.Build.0 = Release|Any CPU
	EndGlobalSection
	GlobalSection(SolutionProperties) = preSolution
		HideSolutionNode = FALSE
	EndGlobalSection
	GlobalSection(ExtensibilityGlobals) = postSolution
		SolutionGuid = {33A303F2-12BF-4615-AE0B-B00BB2F8D46D}
	EndGlobalSection
EndGlobal
